
Microsoft Visual Studio Solution File, Format Version 12.00
# Visual Studio Version 16
VisualStudioVersion = 16.0.31515.178
MinimumVisualStudioVersion = 10.0.40219.1
Project("{9A19103F-16F7-4668-BE54-9A1E7A4F7556}") = "MiTiendaMS.Api.Autor", "MiTiendaMS.Api.Autor\MiTiendaMS.Api.Autor.csproj", "{0CB8ED46-062D-4E81-9515-0DB03A04498F}"
EndProject
Project("{9A19103F-16F7-4668-BE54-9A1E7A4F7556}") = "MiTiendaMS.Api.Libro", "MiTiendaMS.Api.Libro\MiTiendaMS.Api.Libro.csproj", "{E316D931-3757-47F9-91DA-ED392EACEC03}"
EndProject
Project("{E53339B2-1760-4266-BCC7-CA923CBCF16C}") = "docker-compose", "docker-compose.dcproj", "{4AEFA068-4B4F-4D2B-BB27-A2E151D948C7}"
EndProject
Project("{9A19103F-16F7-4668-BE54-9A1E7A4F7556}") = "MiTiendaMS.Api.Gateway", "MiTiendaMS.Api.Gateway\MiTiendaMS.Api.Gateway.csproj", "{2D1E52CD-1E58-43FA-8526-3909A10CF418}"
EndProject
Project("{9A19103F-16F7-4668-BE54-9A1E7A4F7556}") = "MiTiendaMS", "MiTiendaMS\MiTiendaMS.csproj", "{F5B87CD6-A946-4AE8-8C93-090A64FF7CA5}"
EndProject
Project("{FAE04EC0-301F-11D3-BF4B-00C04F79EFBC}") = "MiTiendaMS.Api.Common", "MiTiendaMS.Api.Common\MiTiendaMS.Api.Common.csproj", "{66B14287-E308-4D86-8ACB-1882804AC7A5}"
EndProject
Global
	GlobalSection(SolutionConfigurationPlatforms) = preSolution
		Debug|Any CPU = Debug|Any CPU
		Release|Any CPU = Release|Any CPU
	EndGlobalSection
	GlobalSection(ProjectConfigurationPlatforms) = postSolution
		{0CB8ED46-062D-4E81-9515-0DB03A04498F}.Debug|Any CPU.ActiveCfg = Debug|Any CPU
		{0CB8ED46-062D-4E81-9515-0DB03A04498F}.Debug|Any CPU.Build.0 = Debug|Any CPU
		{0CB8ED46-062D-4E81-9515-0DB03A04498F}.Release|Any CPU.ActiveCfg = Release|Any CPU
		{0CB8ED46-062D-4E81-9515-0DB03A04498F}.Release|Any CPU.Build.0 = Release|Any CPU
		{E316D931-3757-47F9-91DA-ED392EACEC03}.Debug|Any CPU.ActiveCfg = Debug|Any CPU
		{E316D931-3757-47F9-91DA-ED392EACEC03}.Debug|Any CPU.Build.0 = Debug|Any CPU
		{E316D931-3757-47F9-91DA-ED392EACEC03}.Release|Any CPU.ActiveCfg = Release|Any CPU
		{E316D931-3757-47F9-91DA-ED392EACEC03}.Release|Any CPU.Build.0 = Release|Any CPU
		{4AEFA068-4B4F-4D2B-BB27-A2E151D948C7}.Debug|Any CPU.ActiveCfg = Debug|Any CPU
		{4AEFA068-4B4F-4D2B-BB27-A2E151D948C7}.Debug|Any CPU.Build.0 = Debug|Any CPU
		{4AEFA068-4B4F-4D2B-BB27-A2E151D948C7}.Release|Any CPU.ActiveCfg = Release|Any CPU
		{4AEFA068-4B4F-4D2B-BB27-A2E151D948C7}.Release|Any CPU.Build.0 = Release|Any CPU
		{2D1E52CD-1E58-43FA-8526-3909A10CF418}.Debug|Any CPU.ActiveCfg = Debug|Any CPU
		{2D1E52CD-1E58-43FA-8526-3909A10CF418}.Debug|Any CPU.Build.0 = Debug|Any CPU
		{2D1E52CD-1E58-43FA-8526-3909A10CF418}.Release|Any CPU.ActiveCfg = Release|Any CPU
		{2D1E52CD-1E58-43FA-8526-3909A10CF418}.Release|Any CPU.Build.0 = Release|Any CPU
		{F5B87CD6-A946-4AE8-8C93-090A64FF7CA5}.Debug|Any CPU.ActiveCfg = Debug|Any CPU
		{F5B87CD6-A946-4AE8-8C93-090A64FF7CA5}.Debug|Any CPU.Build.0 = Debug|Any CPU
		{F5B87CD6-A946-4AE8-8C93-090A64FF7CA5}.Release|Any CPU.ActiveCfg = Release|Any CPU
		{F5B87CD6-A946-4AE8-8C93-090A64FF7CA5}.Release|Any CPU.Build.0 = Release|Any CPU
		{66B14287-E308-4D86-8ACB-1882804AC7A5}.Debug|Any CPU.ActiveCfg = Debug|Any CPU
		{66B14287-E308-4D86-8ACB-1882804AC7A5}.Debug|Any CPU.Build.0 = Debug|Any CPU
		{66B14287-E308-4D86-8ACB-1882804AC7A5}.Release|Any CPU.ActiveCfg = Release|Any CPU
		{66B14287-E308-4D86-8ACB-1882804AC7A5}.Release|Any CPU.Build.0 = Release|Any CPU
	EndGlobalSection
	GlobalSection(SolutionProperties) = preSolution
		HideSolutionNode = FALSE
	EndGlobalSection
	GlobalSection(ExtensibilityGlobals) = postSolution
		SolutionGuid = {B3BD42EB-F583-4208-8967-339E130CAF3D}
	EndGlobalSection
EndGlobal
